
Microsoft Visual Studio Solution File, Format Version 12.00
# Visual Studio Version 17
VisualStudioVersion = 17.14.36603.0
MinimumVisualStudioVersion = 10.0.40219.1
Project("{FAE04EC0-301F-11D3-BF4B-00C04F79EFBC}") = "GrandTheftAutoReinforcementLearning", "GrandTheftAutoReinforcementLearning.csproj", "{A1E255D1-6977-4F2F-953E-A254DE4657E7}"
EndProject
Project("{8BC9CEB8-8B4A-11D0-8D11-00A0C91BC942}") = "dxinterop", "dxinterop\dxinterop.vcxproj", "{91286FD9-5B68-4006-BC41-324BEFA537FD}"
EndProject
Global
	GlobalSection(SolutionConfigurationPlatforms) = preSolution
		Debug|Any CPU = Debug|Any CPU
		Debug|x64 = Debug|x64
		Debug|x86 = Debug|x86
		Development|Any CPU = Development|Any CPU
		Development|x64 = Development|x64
		Development|x86 = Development|x86
		Release|Any CPU = Release|Any CPU
		Release|x64 = Release|x64
		Release|x86 = Release|x86
	EndGlobalSection
	GlobalSection(ProjectConfigurationPlatforms) = postSolution
		{A1E255D1-6977-4F2F-953E-A254DE4657E7}.Debug|Any CPU.ActiveCfg = Debug|Any CPU
		{A1E255D1-6977-4F2F-953E-A254DE4657E7}.Debug|Any CPU.Build.0 = Debug|Any CPU
		{A1E255D1-6977-4F2F-953E-A254DE4657E7}.Debug|x64.ActiveCfg = Debug|x64
		{A1E255D1-6977-4F2F-953E-A254DE4657E7}.Debug|x64.Build.0 = Debug|x64
		{A1E255D1-6977-4F2F-953E-A254DE4657E7}.Debug|x86.ActiveCfg = Debug|Any CPU
		{A1E255D1-6977-4F2F-953E-A254DE4657E7}.Debug|x86.Build.0 = Debug|Any CPU
		{A1E255D1-6977-4F2F-953E-A254DE4657E7}.Development|Any CPU.ActiveCfg = Development|Any CPU
		{A1E255D1-6977-4F2F-953E-A254DE4657E7}.Development|Any CPU.Build.0 = Development|Any CPU
		{A1E255D1-6977-4F2F-953E-A254DE4657E7}.Development|x64.ActiveCfg = Development|x64
		{A1E255D1-6977-4F2F-953E-A254DE4657E7}.Development|x64.Build.0 = Development|x64
		{A1E255D1-6977-4F2F-953E-A254DE4657E7}.Development|x86.ActiveCfg = Development|Any CPU
		{A1E255D1-6977-4F2F-953E-A254DE4657E7}.Development|x86.Build.0 = Development|Any CPU
		{A1E255D1-6977-4F2F-953E-A254DE4657E7}.Release|Any CPU.ActiveCfg = Release|Any CPU
		{A1E255D1-6977-4F2F-953E-A254DE4657E7}.Release|Any CPU.Build.0 = Release|Any CPU
		{A1E255D1-6977-4F2F-953E-A254DE4657E7}.Release|x64.ActiveCfg = Release|Any CPU
		{A1E255D1-6977-4F2F-953E-A254DE4657E7}.Release|x64.Build.0 = Release|Any CPU
		{A1E255D1-6977-4F2F-953E-A254DE4657E7}.Release|x86.ActiveCfg = Release|Any CPU
		{A1E255D1-6977-4F2F-953E-A254DE4657E7}.Release|x86.Build.0 = Release|Any CPU
		{91286FD9-5B68-4006-BC41-324BEFA537FD}.Debug|Any CPU.ActiveCfg = Debug|x64
		{91286FD9-5B68-4006-BC41-324BEFA537FD}.Debug|Any CPU.Build.0 = Debug|x64
		{91286FD9-5B68-4006-BC41-324BEFA537FD}.Debug|x64.ActiveCfg = Debug|x64
		{91286FD9-5B68-4006-BC41-324BEFA537FD}.Debug|x64.Build.0 = Debug|x64
		{91286FD9-5B68-4006-BC41-324BEFA537FD}.Debug|x86.ActiveCfg = Debug|Win32
		{91286FD9-5B68-4006-BC41-324BEFA537FD}.Debug|x86.Build.0 = Debug|Win32
		{91286FD9-5B68-4006-BC41-324BEFA537FD}.Development|Any CPU.ActiveCfg = Release|x64
		{91286FD9-5B68-4006-BC41-324BEFA537FD}.Development|Any CPU.Build.0 = Release|x64
		{91286FD9-5B68-4006-BC41-324BEFA537FD}.Development|x64.ActiveCfg = Development|x64
		{91286FD9-5B68-4006-BC41-324BEFA537FD}.Development|x64.Build.0 = Development|x64
		{91286FD9-5B68-4006-BC41-324BEFA537FD}.Development|x86.ActiveCfg = Release|Win32
		{91286FD9-5B68-4006-BC41-324BEFA537FD}.Development|x86.Build.0 = Release|Win32
		{91286FD9-5B68-4006-BC41-324BEFA537FD}.Release|Any CPU.ActiveCfg = Release|x64
		{91286FD9-5B68-4006-BC41-324BEFA537FD}.Release|Any CPU.Build.0 = Release|x64
		{91286FD9-5B68-4006-BC41-324BEFA537FD}.Release|x64.ActiveCfg = Release|x64
		{91286FD9-5B68-4006-BC41-324BEFA537FD}.Release|x64.Build.0 = Release|x64
		{91286FD9-5B68-4006-BC41-324BEFA537FD}.Release|x86.ActiveCfg = Release|Win32
		{91286FD9-5B68-4006-BC41-324BEFA537FD}.Release|x86.Build.0 = Release|Win32
	EndGlobalSection
	GlobalSection(SolutionProperties) = preSolution
		HideSolutionNode = FALSE
	EndGlobalSection
	GlobalSection(ExtensibilityGlobals) = postSolution
		SolutionGuid = {753F9202-01E6-4704-960E-8601F4DEC56D}
	EndGlobalSection
EndGlobal
